// !$*UTF8*$!
{
	archiveVersion = 1;
	classes = {
	};
	objectVersion = 46;
	objects = {

/* Begin PBXBuildFile section */
		0DFB4CAC1C0E0E31006D492C /* swiftyJsonViewController.swift in Sources */ = {isa = PBXBuildFile; fileRef = 0DFB4CAB1C0E0E31006D492C /* swiftyJsonViewController.swift */; settings = {ASSET_TAGS = (); }; };
		8027D0C41BF501EE00457024 /* AppDelegate.swift in Sources */ = {isa = PBXBuildFile; fileRef = 8027D0C31BF501EE00457024 /* AppDelegate.swift */; };
		8027D0C91BF501EE00457024 /* Main.storyboard in Resources */ = {isa = PBXBuildFile; fileRef = 8027D0C71BF501EE00457024 /* Main.storyboard */; };
		8027D0CB1BF501EE00457024 /* Assets.xcassets in Resources */ = {isa = PBXBuildFile; fileRef = 8027D0CA1BF501EE00457024 /* Assets.xcassets */; };
		8027D0CE1BF501EE00457024 /* LaunchScreen.storyboard in Resources */ = {isa = PBXBuildFile; fileRef = 8027D0CC1BF501EE00457024 /* LaunchScreen.storyboard */; };
		8027D0D91BF501EE00457024 /* tinderForFoodTests.swift in Sources */ = {isa = PBXBuildFile; fileRef = 8027D0D81BF501EE00457024 /* tinderForFoodTests.swift */; };
		8027D0E41BF501EE00457024 /* tinderForFoodUITests.swift in Sources */ = {isa = PBXBuildFile; fileRef = 8027D0E31BF501EE00457024 /* tinderForFoodUITests.swift */; };
		806965481BFBA39F006D2D13 /* Pods_tinderForFood.framework in Frameworks */ = {isa = PBXBuildFile; fileRef = 806965471BFBA39F006D2D13 /* Pods_tinderForFood.framework */; };
		8069654A1BFBA3A5006D2D13 /* Koloda.framework in Frameworks */ = {isa = PBXBuildFile; fileRef = 806965491BFBA3A5006D2D13 /* Koloda.framework */; };
/* End PBXBuildFile section */

/* Begin PBXContainerItemProxy section */
		8027D0D51BF501EE00457024 /* PBXContainerItemProxy */ = {
			isa = PBXContainerItemProxy;
			containerPortal = 8027D0B81BF501EE00457024 /* Project object */;
			proxyType = 1;
			remoteGlobalIDString = 8027D0BF1BF501EE00457024;
			remoteInfo = tinderForFood;
		};
		8027D0E01BF501EE00457024 /* PBXContainerItemProxy */ = {
			isa = PBXContainerItemProxy;
			containerPortal = 8027D0B81BF501EE00457024 /* Project object */;
			proxyType = 1;
			remoteGlobalIDString = 8027D0BF1BF501EE00457024;
			remoteInfo = tinderForFood;
		};
/* End PBXContainerItemProxy section */

/* Begin PBXFileReference section */
		0DFB4CAB1C0E0E31006D492C /* swiftyJsonViewController.swift */ = {isa = PBXFileReference; fileEncoding = 4; lastKnownFileType = sourcecode.swift; path = swiftyJsonViewController.swift; sourceTree = "<group>"; };
		246ECA30511E8DE416DAB7B0 /* Pods.framework */ = {isa = PBXFileReference; explicitFileType = wrapper.framework; includeInIndex = 0; path = Pods.framework; sourceTree = BUILT_PRODUCTS_DIR; };
		4B9CFBD6495AB4DFA34C8A4B /* Pods.debug.xcconfig */ = {isa = PBXFileReference; includeInIndex = 1; lastKnownFileType = text.xcconfig; name = Pods.debug.xcconfig; path = "Pods/Target Support Files/Pods/Pods.debug.xcconfig"; sourceTree = "<group>"; };
		8027D0C01BF501EE00457024 /* tinderForFood.app */ = {isa = PBXFileReference; explicitFileType = wrapper.application; includeInIndex = 0; path = tinderForFood.app; sourceTree = BUILT_PRODUCTS_DIR; };
		8027D0C31BF501EE00457024 /* AppDelegate.swift */ = {isa = PBXFileReference; lastKnownFileType = sourcecode.swift; path = AppDelegate.swift; sourceTree = "<group>"; };
		8027D0C81BF501EE00457024 /* Base */ = {isa = PBXFileReference; lastKnownFileType = file.storyboard; name = Base; path = Base.lproj/Main.storyboard; sourceTree = "<group>"; };
		8027D0CA1BF501EE00457024 /* Assets.xcassets */ = {isa = PBXFileReference; lastKnownFileType = folder.assetcatalog; path = Assets.xcassets; sourceTree = "<group>"; };
		8027D0CD1BF501EE00457024 /* Base */ = {isa = PBXFileReference; lastKnownFileType = file.storyboard; name = Base; path = Base.lproj/LaunchScreen.storyboard; sourceTree = "<group>"; };
		8027D0CF1BF501EE00457024 /* Info.plist */ = {isa = PBXFileReference; lastKnownFileType = text.plist.xml; path = Info.plist; sourceTree = "<group>"; };
		8027D0D41BF501EE00457024 /* tinderForFoodTests.xctest */ = {isa = PBXFileReference; explicitFileType = wrapper.cfbundle; includeInIndex = 0; path = tinderForFoodTests.xctest; sourceTree = BUILT_PRODUCTS_DIR; };
		8027D0D81BF501EE00457024 /* tinderForFoodTests.swift */ = {isa = PBXFileReference; lastKnownFileType = sourcecode.swift; path = tinderForFoodTests.swift; sourceTree = "<group>"; };
		8027D0DA1BF501EE00457024 /* Info.plist */ = {isa = PBXFileReference; lastKnownFileType = text.plist.xml; path = Info.plist; sourceTree = "<group>"; };
		8027D0DF1BF501EE00457024 /* tinderForFoodUITests.xctest */ = {isa = PBXFileReference; explicitFileType = wrapper.cfbundle; includeInIndex = 0; path = tinderForFoodUITests.xctest; sourceTree = BUILT_PRODUCTS_DIR; };
		8027D0E31BF501EE00457024 /* tinderForFoodUITests.swift */ = {isa = PBXFileReference; lastKnownFileType = sourcecode.swift; path = tinderForFoodUITests.swift; sourceTree = "<group>"; };
		8027D0E51BF501EE00457024 /* Info.plist */ = {isa = PBXFileReference; lastKnownFileType = text.plist.xml; path = Info.plist; sourceTree = "<group>"; };
		8069653F1BFB9F6C006D2D13 /* Koloda.framework */ = {isa = PBXFileReference; lastKnownFileType = wrapper.framework; name = Koloda.framework; path = "Pods/../build/Debug-iphoneos/Koloda.framework"; sourceTree = "<group>"; };
		806965401BFB9F6C006D2D13 /* pop.framework */ = {isa = PBXFileReference; lastKnownFileType = wrapper.framework; name = pop.framework; path = "Pods/../build/Debug-iphoneos/pop.framework"; sourceTree = "<group>"; };
		806965411BFB9F6C006D2D13 /* SwiftyJSON.framework */ = {isa = PBXFileReference; lastKnownFileType = wrapper.framework; name = SwiftyJSON.framework; path = "Pods/../build/Debug-iphoneos/SwiftyJSON.framework"; sourceTree = "<group>"; };
		806965451BFBA39A006D2D13 /* Pods.framework */ = {isa = PBXFileReference; lastKnownFileType = wrapper.framework; name = Pods.framework; path = "Pods/../build/Debug-iphoneos/Pods.framework"; sourceTree = "<group>"; };
		806965471BFBA39F006D2D13 /* Pods_tinderForFood.framework */ = {isa = PBXFileReference; lastKnownFileType = wrapper.framework; name = Pods_tinderForFood.framework; path = "Pods/../build/Debug-iphoneos/Pods_tinderForFood.framework"; sourceTree = "<group>"; };
		806965491BFBA3A5006D2D13 /* Koloda.framework */ = {isa = PBXFileReference; lastKnownFileType = wrapper.framework; name = Koloda.framework; path = "Pods/../build/Debug-iphoneos/Koloda.framework"; sourceTree = "<group>"; };
		9D6F15D557B5D7F90D4D999C /* Pods-tinderForFood.release.xcconfig */ = {isa = PBXFileReference; includeInIndex = 1; lastKnownFileType = text.xcconfig; name = "Pods-tinderForFood.release.xcconfig"; path = "Pods/Target Support Files/Pods-tinderForFood/Pods-tinderForFood.release.xcconfig"; sourceTree = "<group>"; };
		A552B34E5AF9621D98A97AEE /* Pods-tinderForFood.debug.xcconfig */ = {isa = PBXFileReference; includeInIndex = 1; lastKnownFileType = text.xcconfig; name = "Pods-tinderForFood.debug.xcconfig"; path = "Pods/Target Support Files/Pods-tinderForFood/Pods-tinderForFood.debug.xcconfig"; sourceTree = "<group>"; };
		BE6207AA2380D43D79A1FF65 /* Pods.release.xcconfig */ = {isa = PBXFileReference; includeInIndex = 1; lastKnownFileType = text.xcconfig; name = Pods.release.xcconfig; path = "Pods/Target Support Files/Pods/Pods.release.xcconfig"; sourceTree = "<group>"; };
		FADC1622B3E6D2B9BDF7C54E /* Pods_tinderForFood.framework */ = {isa = PBXFileReference; explicitFileType = wrapper.framework; includeInIndex = 0; path = Pods_tinderForFood.framework; sourceTree = BUILT_PRODUCTS_DIR; };
/* End PBXFileReference section */

/* Begin PBXFrameworksBuildPhase section */
		8027D0BD1BF501EE00457024 /* Frameworks */ = {
			isa = PBXFrameworksBuildPhase;
			buildActionMask = 2147483647;
			files = (
				8069654A1BFBA3A5006D2D13 /* Koloda.framework in Frameworks */,
				806965481BFBA39F006D2D13 /* Pods_tinderForFood.framework in Frameworks */,
			);
			runOnlyForDeploymentPostprocessing = 0;
		};
		8027D0D11BF501EE00457024 /* Frameworks */ = {
			isa = PBXFrameworksBuildPhase;
			buildActionMask = 2147483647;
			files = (
			);
			runOnlyForDeploymentPostprocessing = 0;
		};
		8027D0DC1BF501EE00457024 /* Frameworks */ = {
			isa = PBXFrameworksBuildPhase;
			buildActionMask = 2147483647;
			files = (
			);
			runOnlyForDeploymentPostprocessing = 0;
		};
/* End PBXFrameworksBuildPhase section */

/* Begin PBXGroup section */
		66EB50B0DDB390773DB011C1 /* Frameworks */ = {
			isa = PBXGroup;
			children = (
				806965491BFBA3A5006D2D13 /* Koloda.framework */,
				806965471BFBA39F006D2D13 /* Pods_tinderForFood.framework */,
				806965451BFBA39A006D2D13 /* Pods.framework */,
				8069653F1BFB9F6C006D2D13 /* Koloda.framework */,
				806965401BFB9F6C006D2D13 /* pop.framework */,
				806965411BFB9F6C006D2D13 /* SwiftyJSON.framework */,
				246ECA30511E8DE416DAB7B0 /* Pods.framework */,
				FADC1622B3E6D2B9BDF7C54E /* Pods_tinderForFood.framework */,
			);
			name = Frameworks;
			sourceTree = "<group>";
		};
		778E8F2C56A1391FF7B7B0EE /* Pods */ = {
			isa = PBXGroup;
			children = (
				4B9CFBD6495AB4DFA34C8A4B /* Pods.debug.xcconfig */,
				BE6207AA2380D43D79A1FF65 /* Pods.release.xcconfig */,
				A552B34E5AF9621D98A97AEE /* Pods-tinderForFood.debug.xcconfig */,
				9D6F15D557B5D7F90D4D999C /* Pods-tinderForFood.release.xcconfig */,
			);
			name = Pods;
			sourceTree = "<group>";
		};
		8027D0B71BF501EE00457024 = {
			isa = PBXGroup;
			children = (
				8027D0C21BF501EE00457024 /* tinderForFood */,
				8027D0D71BF501EE00457024 /* tinderForFoodTests */,
				8027D0E21BF501EE00457024 /* tinderForFoodUITests */,
				8027D0C11BF501EE00457024 /* Products */,
				778E8F2C56A1391FF7B7B0EE /* Pods */,
				66EB50B0DDB390773DB011C1 /* Frameworks */,
			);
			sourceTree = "<group>";
		};
		8027D0C11BF501EE00457024 /* Products */ = {
			isa = PBXGroup;
			children = (
				8027D0C01BF501EE00457024 /* tinderForFood.app */,
				8027D0D41BF501EE00457024 /* tinderForFoodTests.xctest */,
				8027D0DF1BF501EE00457024 /* tinderForFoodUITests.xctest */,
			);
			name = Products;
			sourceTree = "<group>";
		};
		8027D0C21BF501EE00457024 /* tinderForFood */ = {
			isa = PBXGroup;
			children = (
				8027D0C31BF501EE00457024 /* AppDelegate.swift */,
				0DFB4CAB1C0E0E31006D492C /* swiftyJsonViewController.swift */,
				8027D0C71BF501EE00457024 /* Main.storyboard */,
				8027D0CA1BF501EE00457024 /* Assets.xcassets */,
				8027D0CC1BF501EE00457024 /* LaunchScreen.storyboard */,
				8027D0CF1BF501EE00457024 /* Info.plist */,
			);
			path = tinderForFood;
			sourceTree = "<group>";
		};
		8027D0D71BF501EE00457024 /* tinderForFoodTests */ = {
			isa = PBXGroup;
			children = (
				8027D0D81BF501EE00457024 /* tinderForFoodTests.swift */,
				8027D0DA1BF501EE00457024 /* Info.plist */,
			);
			path = tinderForFoodTests;
			sourceTree = "<group>";
		};
		8027D0E21BF501EE00457024 /* tinderForFoodUITests */ = {
			isa = PBXGroup;
			children = (
				8027D0E31BF501EE00457024 /* tinderForFoodUITests.swift */,
				8027D0E51BF501EE00457024 /* Info.plist */,
			);
			path = tinderForFoodUITests;
			sourceTree = "<group>";
		};
/* End PBXGroup section */

/* Begin PBXNativeTarget section */
		8027D0BF1BF501EE00457024 /* tinderForFood */ = {
			isa = PBXNativeTarget;
			buildConfigurationList = 8027D0E81BF501EE00457024 /* Build configuration list for PBXNativeTarget "tinderForFood" */;
			buildPhases = (
				54692D14954AC7DC926330F0 /* Check Pods Manifest.lock */,
				8027D0BC1BF501EE00457024 /* Sources */,
				8027D0BD1BF501EE00457024 /* Frameworks */,
				8027D0BE1BF501EE00457024 /* Resources */,
				22FB12485C6F6BD96F980731 /* Embed Pods Frameworks */,
				C5E1ED96D9F150D4AECF8FEE /* Copy Pods Resources */,
			);
			buildRules = (
			);
			dependencies = (
			);
			name = tinderForFood;
			productName = tinderForFood;
			productReference = 8027D0C01BF501EE00457024 /* tinderForFood.app */;
			productType = "com.apple.product-type.application";
		};
		8027D0D31BF501EE00457024 /* tinderForFoodTests */ = {
			isa = PBXNativeTarget;
			buildConfigurationList = 8027D0EB1BF501EE00457024 /* Build configuration list for PBXNativeTarget "tinderForFoodTests" */;
			buildPhases = (
				8027D0D01BF501EE00457024 /* Sources */,
				8027D0D11BF501EE00457024 /* Frameworks */,
				8027D0D21BF501EE00457024 /* Resources */,
			);
			buildRules = (
			);
			dependencies = (
				8027D0D61BF501EE00457024 /* PBXTargetDependency */,
			);
			name = tinderForFoodTests;
			productName = tinderForFoodTests;
			productReference = 8027D0D41BF501EE00457024 /* tinderForFoodTests.xctest */;
			productType = "com.apple.product-type.bundle.unit-test";
		};
		8027D0DE1BF501EE00457024 /* tinderForFoodUITests */ = {
			isa = PBXNativeTarget;
			buildConfigurationList = 8027D0EE1BF501EE00457024 /* Build configuration list for PBXNativeTarget "tinderForFoodUITests" */;
			buildPhases = (
				8027D0DB1BF501EE00457024 /* Sources */,
				8027D0DC1BF501EE00457024 /* Frameworks */,
				8027D0DD1BF501EE00457024 /* Resources */,
			);
			buildRules = (
			);
			dependencies = (
				8027D0E11BF501EE00457024 /* PBXTargetDependency */,
			);
			name = tinderForFoodUITests;
			productName = tinderForFoodUITests;
			productReference = 8027D0DF1BF501EE00457024 /* tinderForFoodUITests.xctest */;
			productType = "com.apple.product-type.bundle.ui-testing";
		};
/* End PBXNativeTarget section */

/* Begin PBXProject section */
		8027D0B81BF501EE00457024 /* Project object */ = {
			isa = PBXProject;
			attributes = {
				LastSwiftUpdateCheck = 0710;
				LastUpgradeCheck = 0710;
				ORGANIZATIONNAME = "Edward Yun";
				TargetAttributes = {
					8027D0BF1BF501EE00457024 = {
						CreatedOnToolsVersion = 7.1;
						DevelopmentTeam = 4D5N2HQBKC;
					};
					8027D0D31BF501EE00457024 = {
						CreatedOnToolsVersion = 7.1;
						TestTargetID = 8027D0BF1BF501EE00457024;
					};
					8027D0DE1BF501EE00457024 = {
						CreatedOnToolsVersion = 7.1;
						TestTargetID = 8027D0BF1BF501EE00457024;
					};
				};
			};
			buildConfigurationList = 8027D0BB1BF501EE00457024 /* Build configuration list for PBXProject "tinderForFood" */;
			compatibilityVersion = "Xcode 3.2";
			developmentRegion = English;
			hasScannedForEncodings = 0;
			knownRegions = (
				en,
				Base,
			);
			mainGroup = 8027D0B71BF501EE00457024;
			productRefGroup = 8027D0C11BF501EE00457024 /* Products */;
			projectDirPath = "";
			projectRoot = "";
			targets = (
				8027D0BF1BF501EE00457024 /* tinderForFood */,
				8027D0D31BF501EE00457024 /* tinderForFoodTests */,
				8027D0DE1BF501EE00457024 /* tinderForFoodUITests */,
			);
		};
/* End PBXProject section */

/* Begin PBXResourcesBuildPhase section */
		8027D0BE1BF501EE00457024 /* Resources */ = {
			isa = PBXResourcesBuildPhase;
			buildActionMask = 2147483647;
			files = (
				8027D0CE1BF501EE00457024 /* LaunchScreen.storyboard in Resources */,
				8027D0CB1BF501EE00457024 /* Assets.xcassets in Resources */,
				8027D0C91BF501EE00457024 /* Main.storyboard in Resources */,
			);
			runOnlyForDeploymentPostprocessing = 0;
		};
		8027D0D21BF501EE00457024 /* Resources */ = {
			isa = PBXResourcesBuildPhase;
			buildActionMask = 2147483647;
			files = (
			);
			runOnlyForDeploymentPostprocessing = 0;
		};
		8027D0DD1BF501EE00457024 /* Resources */ = {
			isa = PBXResourcesBuildPhase;
			buildActionMask = 2147483647;
			files = (
			);
			runOnlyForDeploymentPostprocessing = 0;
		};
/* End PBXResourcesBuildPhase section */

/* Begin PBXShellScriptBuildPhase section */
		22FB12485C6F6BD96F980731 /* Embed Pods Frameworks */ = {
			isa = PBXShellScriptBuildPhase;
			buildActionMask = 2147483647;
			files = (
			);
			inputPaths = (
			);
			name = "Embed Pods Frameworks";
			outputPaths = (
			);
			runOnlyForDeploymentPostprocessing = 0;
			shellPath = /bin/sh;
			shellScript = "\"${SRCROOT}/Pods/Target Support Files/Pods-tinderForFood/Pods-tinderForFood-frameworks.sh\"\n";
			showEnvVarsInLog = 0;
		};
		54692D14954AC7DC926330F0 /* Check Pods Manifest.lock */ = {
			isa = PBXShellScriptBuildPhase;
			buildActionMask = 2147483647;
			files = (
			);
			inputPaths = (
			);
			name = "Check Pods Manifest.lock";
			outputPaths = (
			);
			runOnlyForDeploymentPostprocessing = 0;
			shellPath = /bin/sh;
			shellScript = "diff \"${PODS_ROOT}/../Podfile.lock\" \"${PODS_ROOT}/Manifest.lock\" > /dev/null\nif [[ $? != 0 ]] ; then\n    cat << EOM\nerror: The sandbox is not in sync with the Podfile.lock. Run 'pod install' or update your CocoaPods installation.\nEOM\n    exit 1\nfi\n";
			showEnvVarsInLog = 0;
		};
		C5E1ED96D9F150D4AECF8FEE /* Copy Pods Resources */ = {
			isa = PBXShellScriptBuildPhase;
			buildActionMask = 2147483647;
			files = (
			);
			inputPaths = (
			);
			name = "Copy Pods Resources";
			outputPaths = (
			);
			runOnlyForDeploymentPostprocessing = 0;
			shellPath = /bin/sh;
			shellScript = "\"${SRCROOT}/Pods/Target Support Files/Pods-tinderForFood/Pods-tinderForFood-resources.sh\"\n";
			showEnvVarsInLog = 0;
		};
/* End PBXShellScriptBuildPhase section */

/* Begin PBXSourcesBuildPhase section */
		8027D0BC1BF501EE00457024 /* Sources */ = {
			isa = PBXSourcesBuildPhase;
			buildActionMask = 2147483647;
			files = (
				0DFB4CAC1C0E0E31006D492C /* swiftyJsonViewController.swift in Sources */,
				8027D0C41BF501EE00457024 /* AppDelegate.swift in Sources */,
			);
			runOnlyForDeploymentPostprocessing = 0;
		};
		8027D0D01BF501EE00457024 /* Sources */ = {
			isa = PBXSourcesBuildPhase;
			buildActionMask = 2147483647;
			files = (
				8027D0D91BF501EE00457024 /* tinderForFoodTests.swift in Sources */,
			);
			runOnlyForDeploymentPostprocessing = 0;
		};
		8027D0DB1BF501EE00457024 /* Sources */ = {
			isa = PBXSourcesBuildPhase;
			buildActionMask = 2147483647;
			files = (
				8027D0E41BF501EE00457024 /* tinderForFoodUITests.swift in Sources */,
			);
			runOnlyForDeploymentPostprocessing = 0;
		};
/* End PBXSourcesBuildPhase section */

/* Begin PBXTargetDependency section */
		8027D0D61BF501EE00457024 /* PBXTargetDependency */ = {
			isa = PBXTargetDependency;
			target = 8027D0BF1BF501EE00457024 /* tinderForFood */;
			targetProxy = 8027D0D51BF501EE00457024 /* PBXContainerItemProxy */;
		};
		8027D0E11BF501EE00457024 /* PBXTargetDependency */ = {
			isa = PBXTargetDependency;
			target = 8027D0BF1BF501EE00457024 /* tinderForFood */;
			targetProxy = 8027D0E01BF501EE00457024 /* PBXContainerItemProxy */;
		};
/* End PBXTargetDependency section */

/* Begin PBXVariantGroup section */
		8027D0C71BF501EE00457024 /* Main.storyboard */ = {
			isa = PBXVariantGroup;
			children = (
				8027D0C81BF501EE00457024 /* Base */,
			);
			name = Main.storyboard;
			sourceTree = "<group>";
		};
		8027D0CC1BF501EE00457024 /* LaunchScreen.storyboard */ = {
			isa = PBXVariantGroup;
			children = (
				8027D0CD1BF501EE00457024 /* Base */,
			);
			name = LaunchScreen.storyboard;
			sourceTree = "<group>";
		};
/* End PBXVariantGroup section */

/* Begin XCBuildConfiguration section */
		8027D0E61BF501EE00457024 /* Debug */ = {
			isa = XCBuildConfiguration;
			buildSettings = {
				ALWAYS_SEARCH_USER_PATHS = NO;
				CLANG_CXX_LANGUAGE_STANDARD = "gnu++0x";
				CLANG_CXX_LIBRARY = "libc++";
				CLANG_ENABLE_MODULES = YES;
				CLANG_ENABLE_OBJC_ARC = YES;
				CLANG_WARN_BOOL_CONVERSION = YES;
				CLANG_WARN_CONSTANT_CONVERSION = YES;
				CLANG_WARN_DIRECT_OBJC_ISA_USAGE = YES_ERROR;
				CLANG_WARN_EMPTY_BODY = YES;
				CLANG_WARN_ENUM_CONVERSION = YES;
				CLANG_WARN_INT_CONVERSION = YES;
				CLANG_WARN_OBJC_ROOT_CLASS = YES_ERROR;
				CLANG_WARN_UNREACHABLE_CODE = YES;
				CLANG_WARN__DUPLICATE_METHOD_MATCH = YES;
				"CODE_SIGN_IDENTITY[sdk=iphoneos*]" = "iPhone Developer";
				COPY_PHASE_STRIP = NO;
				DEBUG_INFORMATION_FORMAT = dwarf;
				ENABLE_STRICT_OBJC_MSGSEND = YES;
				ENABLE_TESTABILITY = YES;
				GCC_C_LANGUAGE_STANDARD = gnu99;
				GCC_DYNAMIC_NO_PIC = NO;
				GCC_NO_COMMON_BLOCKS = YES;
				GCC_OPTIMIZATION_LEVEL = 0;
				GCC_PREPROCESSOR_DEFINITIONS = (
					"DEBUG=1",
					"$(inherited)",
				);
				GCC_WARN_64_TO_32_BIT_CONVERSION = YES;
				GCC_WARN_ABOUT_RETURN_TYPE = YES_ERROR;
				GCC_WARN_UNDECLARED_SELECTOR = YES;
				GCC_WARN_UNINITIALIZED_AUTOS = YES_AGGRESSIVE;
				GCC_WARN_UNUSED_FUNCTION = YES;
				GCC_WARN_UNUSED_VARIABLE = YES;
				IPHONEOS_DEPLOYMENT_TARGET = 9.1;
				MTL_ENABLE_DEBUG_INFO = YES;
				ONLY_ACTIVE_ARCH = YES;
				SDKROOT = iphoneos;
				SWIFT_OPTIMIZATION_LEVEL = "-Onone";
			};
			name = Debug;
		};
		8027D0E71BF501EE00457024 /* Release */ = {
			isa = XCBuildConfiguration;
			buildSettings = {
				ALWAYS_SEARCH_USER_PATHS = NO;
				CLANG_CXX_LANGUAGE_STANDARD = "gnu++0x";
				CLANG_CXX_LIBRARY = "libc++";
				CLANG_ENABLE_MODULES = YES;
				CLANG_ENABLE_OBJC_ARC = YES;
				CLANG_WARN_BOOL_CONVERSION = YES;
				CLANG_WARN_CONSTANT_CONVERSION = YES;
				CLANG_WARN_DIRECT_OBJC_ISA_USAGE = YES_ERROR;
				CLANG_WARN_EMPTY_BODY = YES;
				CLANG_WARN_ENUM_CONVERSION = YES;
				CLANG_WARN_INT_CONVERSION = YES;
				CLANG_WARN_OBJC_ROOT_CLASS = YES_ERROR;
				CLANG_WARN_UNREACHABLE_CODE = YES;
				CLANG_WARN__DUPLICATE_METHOD_MATCH = YES;
				"CODE_SIGN_IDENTITY[sdk=iphoneos*]" = "iPhone Developer";
				COPY_PHASE_STRIP = NO;
				DEBUG_INFORMATION_FORMAT = "dwarf-with-dsym";
				ENABLE_NS_ASSERTIONS = NO;
				ENABLE_STRICT_OBJC_MSGSEND = YES;
				GCC_C_LANGUAGE_STANDARD = gnu99;
				GCC_NO_COMMON_BLOCKS = YES;
				GCC_WARN_64_TO_32_BIT_CONVERSION = YES;
				GCC_WARN_ABOUT_RETURN_TYPE = YES_ERROR;
				GCC_WARN_UNDECLARED_SELECTOR = YES;
				GCC_WARN_UNINITIALIZED_AUTOS = YES_AGGRESSIVE;
				GCC_WARN_UNUSED_FUNCTION = YES;
				GCC_WARN_UNUSED_VARIABLE = YES;
				IPHONEOS_DEPLOYMENT_TARGET = 9.1;
				MTL_ENABLE_DEBUG_INFO = NO;
				SDKROOT = iphoneos;
				VALIDATE_PRODUCT = YES;
			};
			name = Release;
		};
		8027D0E91BF501EE00457024 /* Debug */ = {
			isa = XCBuildConfiguration;
			baseConfigurationReference = A552B34E5AF9621D98A97AEE /* Pods-tinderForFood.debug.xcconfig */;
			buildSettings = {
				ASSETCATALOG_COMPILER_APPICON_NAME = AppIcon;
				CODE_SIGN_IDENTITY = "iPhone Developer";
				"CODE_SIGN_IDENTITY[sdk=iphoneos*]" = "iPhone Developer";
				FRAMEWORK_SEARCH_PATHS = (
					"$(inherited)",
					"$(SRCROOT)/**",
					"$(PROJECT_DIR)/build/Debug-iphoneos",
				);
				INFOPLIST_FILE = tinderForFood/Info.plist;
				IPHONEOS_DEPLOYMENT_TARGET = 9.0;
				LD_RUNPATH_SEARCH_PATHS = "$(inherited) @executable_path/Frameworks";
				PRODUCT_BUNDLE_IDENTIFIER = com.phoenix.tinderForFood;
				PRODUCT_NAME = "$(TARGET_NAME)";
				PROVISIONING_PROFILE = "";
				TARGETED_DEVICE_FAMILY = 1;
			};
			name = Debug;
		};
		8027D0EA1BF501EE00457024 /* Release */ = {
			isa = XCBuildConfiguration;
			baseConfigurationReference = 9D6F15D557B5D7F90D4D999C /* Pods-tinderForFood.release.xcconfig */;
			buildSettings = {
				ASSETCATALOG_COMPILER_APPICON_NAME = AppIcon;
				CODE_SIGN_IDENTITY = "iPhone Developer";
				"CODE_SIGN_IDENTITY[sdk=iphoneos*]" = "iPhone Developer";
				FRAMEWORK_SEARCH_PATHS = (
					"$(inherited)",
					"$(PROJECT_DIR)/build/Debug-iphoneos",
				);
				INFOPLIST_FILE = tinderForFood/Info.plist;
				IPHONEOS_DEPLOYMENT_TARGET = 9.0;
				LD_RUNPATH_SEARCH_PATHS = "$(inherited) @executable_path/Frameworks";
				PRODUCT_BUNDLE_IDENTIFIER = com.phoenix.tinderForFood;
				PRODUCT_NAME = "$(TARGET_NAME)";
				PROVISIONING_PROFILE = "";
				TARGETED_DEVICE_FAMILY = 1;
			};
			name = Release;
		};
		8027D0EC1BF501EE00457024 /* Debug */ = {
			isa = XCBuildConfiguration;
			buildSettings = {
				BUNDLE_LOADER = "$(TEST_HOST)";
				INFOPLIST_FILE = tinderForFoodTests/Info.plist;
				LD_RUNPATH_SEARCH_PATHS = "$(inherited) @executable_path/Frameworks @loader_path/Frameworks";
				PRODUCT_BUNDLE_IDENTIFIER = com.phoenix.tinderForFoodTests;
				PRODUCT_NAME = "$(TARGET_NAME)";
				TEST_HOST = "$(BUILT_PRODUCTS_DIR)/tinderForFood.app/tinderForFood";
			};
			name = Debug;
		};
		8027D0ED1BF501EE00457024 /* Release */ = {
			isa = XCBuildConfiguration;
			buildSettings = {
				BUNDLE_LOADER = "$(TEST_HOST)";
				INFOPLIST_FILE = tinderForFoodTests/Info.plist;
				LD_RUNPATH_SEARCH_PATHS = "$(inherited) @executable_path/Frameworks @loader_path/Frameworks";
				PRODUCT_BUNDLE_IDENTIFIER = com.phoenix.tinderForFoodTests;
				PRODUCT_NAME = "$(TARGET_NAME)";
				TEST_HOST = "$(BUILT_PRODUCTS_DIR)/tinderForFood.app/tinderForFood";
			};
			name = Release;
		};
		8027D0EF1BF501EE00457024 /* Debug */ = {
			isa = XCBuildConfiguration;
			buildSettings = {
				INFOPLIST_FILE = tinderForFoodUITests/Info.plist;
				LD_RUNPATH_SEARCH_PATHS = "$(inherited) @executable_path/Frameworks @loader_path/Frameworks";
				PRODUCT_BUNDLE_IDENTIFIER = com.phoenix.tinderForFoodUITests;
				PRODUCT_NAME = "$(TARGET_NAME)";
				TEST_TARGET_NAME = tinderForFood;
				USES_XCTRUNNER = YES;
			};
			name = Debug;
		};
		8027D0F01BF501EE00457024 /* Release */ = {
			isa = XCBuildConfiguration;
			buildSettings = {
				INFOPLIST_FILE = tinderForFoodUITests/Info.plist;
				LD_RUNPATH_SEARCH_PATHS = "$(inherited) @executable_path/Frameworks @loader_path/Frameworks";
				PRODUCT_BUNDLE_IDENTIFIER = com.phoenix.tinderForFoodUITests;
				PRODUCT_NAME = "$(TARGET_NAME)";
				TEST_TARGET_NAME = tinderForFood;
				USES_XCTRUNNER = YES;
			};
			name = Release;
		};
/* End XCBuildConfiguration section */

/* Begin XCConfigurationList section */
		8027D0BB1BF501EE00457024 /* Build configuration list for PBXProject "tinderForFood" */ = {
			isa = XCConfigurationList;
			buildConfigurations = (
				8027D0E61BF501EE00457024 /* Debug */,
				8027D0E71BF501EE00457024 /* Release */,
			);
			defaultConfigurationIsVisible = 0;
			defaultConfigurationName = Release;
		};
		8027D0E81BF501EE00457024 /* Build configuration list for PBXNativeTarget "tinderForFood" */ = {
			isa = XCConfigurationList;
			buildConfigurations = (
				8027D0E91BF501EE00457024 /* Debug */,
				8027D0EA1BF501EE00457024 /* Release */,
			);
			defaultConfigurationIsVisible = 0;
			defaultConfigurationName = Release;
		};
		8027D0EB1BF501EE00457024 /* Build configuration list for PBXNativeTarget "tinderForFoodTests" */ = {
			isa = XCConfigurationList;
			buildConfigurations = (
				8027D0EC1BF501EE00457024 /* Debug */,
				8027D0ED1BF501EE00457024 /* Release */,
			);
			defaultConfigurationIsVisible = 0;
			defaultConfigurationName = Release;
		};
		8027D0EE1BF501EE00457024 /* Build configuration list for PBXNativeTarget "tinderForFoodUITests" */ = {
			isa = XCConfigurationList;
			buildConfigurations = (
				8027D0EF1BF501EE00457024 /* Debug */,
				8027D0F01BF501EE00457024 /* Release */,
			);
			defaultConfigurationIsVisible = 0;
			defaultConfigurationName = Release;
		};
/* End XCConfigurationList section */
	};
	rootObject = 8027D0B81BF501EE00457024 /* Project object */;
}
