// !$*UTF8*$!
{
	archiveVersion = 1;
	classes = {
	};
	objectVersion = 46;
	objects = {

/* Begin PBXBuildFile section */
		8027D0C41BF501EE00457024 /* AppDelegate.swift in Sources */ = {isa = PBXBuildFile; fileRef = 8027D0C31BF501EE00457024 /* AppDelegate.swift */; };
		8027D0C91BF501EE00457024 /* Main.storyboard in Resources */ = {isa = PBXBuildFile; fileRef = 8027D0C71BF501EE00457024 /* Main.storyboard */; };
		8027D0CB1BF501EE00457024 /* Assets.xcassets in Resources */ = {isa = PBXBuildFile; fileRef = 8027D0CA1BF501EE00457024 /* Assets.xcassets */; };
		8027D0CE1BF501EE00457024 /* LaunchScreen.storyboard in Resources */ = {isa = PBXBuildFile; fileRef = 8027D0CC1BF501EE00457024 /* LaunchScreen.storyboard */; };
		8027D0D91BF501EE00457024 /* tinderForFoodTests.swift in Sources */ = {isa = PBXBuildFile; fileRef = 8027D0D81BF501EE00457024 /* tinderForFoodTests.swift */; };
		8027D0E41BF501EE00457024 /* tinderForFoodUITests.swift in Sources */ = {isa = PBXBuildFile; fileRef = 8027D0E31BF501EE00457024 /* tinderForFoodUITests.swift */; };
		805310431BFE4999004D6A09 /* CustomFoodView.swift in Sources */ = {isa = PBXBuildFile; fileRef = 805310421BFE4999004D6A09 /* CustomFoodView.swift */; };
		805C36AE1C0E0D0800ADD259 /* RestaurantViewController.swift in Sources */ = {isa = PBXBuildFile; fileRef = 805C36AD1C0E0D0800ADD259 /* RestaurantViewController.swift */; };
		805D1FB71C17101B00BFACA3 /* FoodCardView.xib in Resources */ = {isa = PBXBuildFile; fileRef = 805D1FB61C17101A00BFACA3 /* FoodCardView.xib */; };
		805D1FB91C1713AA00BFACA3 /* FoodViewController.swift in Sources */ = {isa = PBXBuildFile; fileRef = 805D1FB81C1713AA00BFACA3 /* FoodViewController.swift */; };
		808560F01C167AEF00A43F5A /* Business.swift in Sources */ = {isa = PBXBuildFile; fileRef = 808560EF1C167AEF00A43F5A /* Business.swift */; };
		808B87781BFE4A55009A4751 /* CustomOverlayView.xib in Resources */ = {isa = PBXBuildFile; fileRef = 808B87771BFE4A55009A4751 /* CustomOverlayView.xib */; };
		808B877A1BFED276009A4751 /* MatchesViewController.swift in Sources */ = {isa = PBXBuildFile; fileRef = 808B87791BFED276009A4751 /* MatchesViewController.swift */; };
		808B877C1BFEE250009A4751 /* RestaurantTableViewCell.swift in Sources */ = {isa = PBXBuildFile; fileRef = 808B877B1BFEE250009A4751 /* RestaurantTableViewCell.swift */; };
		808B877F1C012F43009A4751 /* MatchPhotoCell.swift in Sources */ = {isa = PBXBuildFile; fileRef = 808B877D1C012F43009A4751 /* MatchPhotoCell.swift */; };
		808B87801C012F43009A4751 /* GalleryTableViewCell.xib in Resources */ = {isa = PBXBuildFile; fileRef = 808B877E1C012F43009A4751 /* GalleryTableViewCell.xib */; };
		80E1D9631C10AE6400631A79 /* LoginViewController.swift in Sources */ = {isa = PBXBuildFile; fileRef = 80E1D9621C10AE6400631A79 /* LoginViewController.swift */; };
		80F93EB01C0C070900382FFF /* GalleryPhotoCell.swift in Sources */ = {isa = PBXBuildFile; fileRef = 80F93EAF1C0C070900382FFF /* GalleryPhotoCell.swift */; };
		8EB1A1D4CB904C7868B252B4 /* Pods.framework in Frameworks */ = {isa = PBXBuildFile; fileRef = 69B560C316B690A1B8A029DC /* Pods.framework */; };
		C538A11A53509445422C4547 /* Pods_tinderForFood.framework in Frameworks */ = {isa = PBXBuildFile; fileRef = A5184C6954BB424596164BEB /* Pods_tinderForFood.framework */; };
/* End PBXBuildFile section */

/* Begin PBXContainerItemProxy section */
		8027D0D51BF501EE00457024 /* PBXContainerItemProxy */ = {
			isa = PBXContainerItemProxy;
			containerPortal = 8027D0B81BF501EE00457024 /* Project object */;
			proxyType = 1;
			remoteGlobalIDString = 8027D0BF1BF501EE00457024;
			remoteInfo = tinderForFood;
		};
		8027D0E01BF501EE00457024 /* PBXContainerItemProxy */ = {
			isa = PBXContainerItemProxy;
			containerPortal = 8027D0B81BF501EE00457024 /* Project object */;
			proxyType = 1;
			remoteGlobalIDString = 8027D0BF1BF501EE00457024;
			remoteInfo = tinderForFood;
		};
/* End PBXContainerItemProxy section */

/* Begin PBXFileReference section */
		69B560C316B690A1B8A029DC /* Pods.framework */ = {isa = PBXFileReference; explicitFileType = wrapper.framework; includeInIndex = 0; path = Pods.framework; sourceTree = BUILT_PRODUCTS_DIR; };
		70C6D77292848FE5F007D104 /* Pods.release.xcconfig */ = {isa = PBXFileReference; includeInIndex = 1; lastKnownFileType = text.xcconfig; name = Pods.release.xcconfig; path = "Pods/Target Support Files/Pods/Pods.release.xcconfig"; sourceTree = "<group>"; };
		7CAA783074CB74D2593705D4 /* Pods.debug.xcconfig */ = {isa = PBXFileReference; includeInIndex = 1; lastKnownFileType = text.xcconfig; name = Pods.debug.xcconfig; path = "Pods/Target Support Files/Pods/Pods.debug.xcconfig"; sourceTree = "<group>"; };
		8027D0C01BF501EE00457024 /* munchie.app */ = {isa = PBXFileReference; explicitFileType = wrapper.application; includeInIndex = 0; path = munchie.app; sourceTree = BUILT_PRODUCTS_DIR; };
		8027D0C31BF501EE00457024 /* AppDelegate.swift */ = {isa = PBXFileReference; lastKnownFileType = sourcecode.swift; path = AppDelegate.swift; sourceTree = "<group>"; };
		8027D0C81BF501EE00457024 /* Base */ = {isa = PBXFileReference; lastKnownFileType = file.storyboard; name = Base; path = Base.lproj/Main.storyboard; sourceTree = "<group>"; };
		8027D0CA1BF501EE00457024 /* Assets.xcassets */ = {isa = PBXFileReference; lastKnownFileType = folder.assetcatalog; path = Assets.xcassets; sourceTree = "<group>"; };
		8027D0CD1BF501EE00457024 /* Base */ = {isa = PBXFileReference; lastKnownFileType = file.storyboard; name = Base; path = Base.lproj/LaunchScreen.storyboard; sourceTree = "<group>"; };
		8027D0CF1BF501EE00457024 /* Info.plist */ = {isa = PBXFileReference; lastKnownFileType = text.plist.xml; path = Info.plist; sourceTree = "<group>"; };
		8027D0D41BF501EE00457024 /* munchie.xctest */ = {isa = PBXFileReference; explicitFileType = wrapper.cfbundle; includeInIndex = 0; path = munchie.xctest; sourceTree = BUILT_PRODUCTS_DIR; };
		8027D0D81BF501EE00457024 /* tinderForFoodTests.swift */ = {isa = PBXFileReference; lastKnownFileType = sourcecode.swift; path = tinderForFoodTests.swift; sourceTree = "<group>"; };
		8027D0DA1BF501EE00457024 /* Info.plist */ = {isa = PBXFileReference; lastKnownFileType = text.plist.xml; path = Info.plist; sourceTree = "<group>"; };
		8027D0DF1BF501EE00457024 /* munchie.xctest */ = {isa = PBXFileReference; explicitFileType = wrapper.cfbundle; includeInIndex = 0; path = munchie.xctest; sourceTree = BUILT_PRODUCTS_DIR; };
		8027D0E31BF501EE00457024 /* tinderForFoodUITests.swift */ = {isa = PBXFileReference; lastKnownFileType = sourcecode.swift; path = tinderForFoodUITests.swift; sourceTree = "<group>"; };
		8027D0E51BF501EE00457024 /* Info.plist */ = {isa = PBXFileReference; lastKnownFileType = text.plist.xml; path = Info.plist; sourceTree = "<group>"; };
		805310421BFE4999004D6A09 /* CustomFoodView.swift */ = {isa = PBXFileReference; fileEncoding = 4; lastKnownFileType = sourcecode.swift; path = CustomFoodView.swift; sourceTree = "<group>"; };
		805C36AD1C0E0D0800ADD259 /* RestaurantViewController.swift */ = {isa = PBXFileReference; fileEncoding = 4; lastKnownFileType = sourcecode.swift; path = RestaurantViewController.swift; sourceTree = "<group>"; };
		805D1FB61C17101A00BFACA3 /* FoodCardView.xib */ = {isa = PBXFileReference; fileEncoding = 4; lastKnownFileType = file.xib; path = FoodCardView.xib; sourceTree = "<group>"; };
		805D1FB81C1713AA00BFACA3 /* FoodViewController.swift */ = {isa = PBXFileReference; fileEncoding = 4; lastKnownFileType = sourcecode.swift; path = FoodViewController.swift; sourceTree = "<group>"; };
		808560EF1C167AEF00A43F5A /* Business.swift */ = {isa = PBXFileReference; fileEncoding = 4; lastKnownFileType = sourcecode.swift; path = Business.swift; sourceTree = "<group>"; };
		808B87771BFE4A55009A4751 /* CustomOverlayView.xib */ = {isa = PBXFileReference; fileEncoding = 4; lastKnownFileType = file.xib; path = CustomOverlayView.xib; sourceTree = "<group>"; };
		808B87791BFED276009A4751 /* MatchesViewController.swift */ = {isa = PBXFileReference; fileEncoding = 4; lastKnownFileType = sourcecode.swift; path = MatchesViewController.swift; sourceTree = "<group>"; };
		808B877B1BFEE250009A4751 /* RestaurantTableViewCell.swift */ = {isa = PBXFileReference; fileEncoding = 4; lastKnownFileType = sourcecode.swift; path = RestaurantTableViewCell.swift; sourceTree = "<group>"; };
		808B877D1C012F43009A4751 /* MatchPhotoCell.swift */ = {isa = PBXFileReference; fileEncoding = 4; lastKnownFileType = sourcecode.swift; path = MatchPhotoCell.swift; sourceTree = "<group>"; };
		808B877E1C012F43009A4751 /* GalleryTableViewCell.xib */ = {isa = PBXFileReference; fileEncoding = 4; lastKnownFileType = file.xib; path = GalleryTableViewCell.xib; sourceTree = "<group>"; };
		80E1D9621C10AE6400631A79 /* LoginViewController.swift */ = {isa = PBXFileReference; fileEncoding = 4; lastKnownFileType = sourcecode.swift; path = LoginViewController.swift; sourceTree = "<group>"; };
		80F93EAF1C0C070900382FFF /* GalleryPhotoCell.swift */ = {isa = PBXFileReference; fileEncoding = 4; lastKnownFileType = sourcecode.swift; path = GalleryPhotoCell.swift; sourceTree = "<group>"; };
		A5184C6954BB424596164BEB /* Pods_tinderForFood.framework */ = {isa = PBXFileReference; explicitFileType = wrapper.framework; includeInIndex = 0; path = Pods_tinderForFood.framework; sourceTree = BUILT_PRODUCTS_DIR; };
/* End PBXFileReference section */

/* Begin PBXFrameworksBuildPhase section */
		8027D0BD1BF501EE00457024 /* Frameworks */ = {
			isa = PBXFrameworksBuildPhase;
			buildActionMask = 2147483647;
			files = (
				8EB1A1D4CB904C7868B252B4 /* Pods.framework in Frameworks */,
				C538A11A53509445422C4547 /* Pods_tinderForFood.framework in Frameworks */,
			);
			runOnlyForDeploymentPostprocessing = 0;
		};
		8027D0D11BF501EE00457024 /* Frameworks */ = {
			isa = PBXFrameworksBuildPhase;
			buildActionMask = 2147483647;
			files = (
			);
			runOnlyForDeploymentPostprocessing = 0;
		};
		8027D0DC1BF501EE00457024 /* Frameworks */ = {
			isa = PBXFrameworksBuildPhase;
			buildActionMask = 2147483647;
			files = (
			);
			runOnlyForDeploymentPostprocessing = 0;
		};
/* End PBXFrameworksBuildPhase section */

/* Begin PBXGroup section */
		177D466F88ED997F4B05B9E6 /* Frameworks */ = {
			isa = PBXGroup;
			children = (
				69B560C316B690A1B8A029DC /* Pods.framework */,
				A5184C6954BB424596164BEB /* Pods_tinderForFood.framework */,
			);
			name = Frameworks;
			sourceTree = "<group>";
		};
		7CD8643F1DB45B2668593613 /* Pods */ = {
			isa = PBXGroup;
			children = (
				7CAA783074CB74D2593705D4 /* Pods.debug.xcconfig */,
				70C6D77292848FE5F007D104 /* Pods.release.xcconfig */,
			);
			name = Pods;
			sourceTree = "<group>";
		};
		8027D0B71BF501EE00457024 = {
			isa = PBXGroup;
			children = (
				8027D0C21BF501EE00457024 /* munchie */,
				8027D0D71BF501EE00457024 /* munchieTests */,
				8027D0E21BF501EE00457024 /* munchieUITests */,
				8027D0C11BF501EE00457024 /* Products */,
				7CD8643F1DB45B2668593613 /* Pods */,
				177D466F88ED997F4B05B9E6 /* Frameworks */,
			);
			sourceTree = "<group>";
		};
		8027D0C11BF501EE00457024 /* Products */ = {
			isa = PBXGroup;
			children = (
				8027D0C01BF501EE00457024 /* munchie.app */,
				8027D0D41BF501EE00457024 /* munchie.xctest */,
				8027D0DF1BF501EE00457024 /* munchie.xctest */,
			);
			name = Products;
			sourceTree = "<group>";
		};
		8027D0C21BF501EE00457024 /* munchie */ = {
			isa = PBXGroup;
			children = (
				8027D0C31BF501EE00457024 /* AppDelegate.swift */,
				808560EE1C167AD900A43F5A /* Models */,
				808B87811C012F4E009A4751 /* View Controllers */,
				808B87821C012F76009A4751 /* Views */,
				808B87831C012F87009A4751 /* Storyboards */,
				8027D0CA1BF501EE00457024 /* Assets.xcassets */,
				8027D0CF1BF501EE00457024 /* Info.plist */,
			);
			name = munchie;
			path = tinderForFood;
			sourceTree = "<group>";
		};
		8027D0D71BF501EE00457024 /* munchieTests */ = {
			isa = PBXGroup;
			children = (
				8027D0D81BF501EE00457024 /* tinderForFoodTests.swift */,
				8027D0DA1BF501EE00457024 /* Info.plist */,
			);
			name = munchieTests;
			path = tinderForFoodTests;
			sourceTree = "<group>";
		};
		8027D0E21BF501EE00457024 /* munchieUITests */ = {
			isa = PBXGroup;
			children = (
				8027D0E31BF501EE00457024 /* tinderForFoodUITests.swift */,
				8027D0E51BF501EE00457024 /* Info.plist */,
			);
			name = munchieUITests;
			path = tinderForFoodUITests;
			sourceTree = "<group>";
		};
		808560EE1C167AD900A43F5A /* Models */ = {
			isa = PBXGroup;
			children = (
				808560EF1C167AEF00A43F5A /* Business.swift */,
			);
			name = Models;
			sourceTree = "<group>";
		};
		808B87811C012F4E009A4751 /* View Controllers */ = {
			isa = PBXGroup;
			children = (
				80E1D9621C10AE6400631A79 /* LoginViewController.swift */,
				808B87791BFED276009A4751 /* MatchesViewController.swift */,
				805C36AD1C0E0D0800ADD259 /* RestaurantViewController.swift */,
				805D1FB81C1713AA00BFACA3 /* FoodViewController.swift */,
			);
			name = "View Controllers";
			sourceTree = "<group>";
		};
		808B87821C012F76009A4751 /* Views */ = {
			isa = PBXGroup;
			children = (
				808B877D1C012F43009A4751 /* MatchPhotoCell.swift */,
				80F93EAF1C0C070900382FFF /* GalleryPhotoCell.swift */,
				805310421BFE4999004D6A09 /* CustomFoodView.swift */,
				808B877B1BFEE250009A4751 /* RestaurantTableViewCell.swift */,
			);
			name = Views;
			sourceTree = "<group>";
		};
		808B87831C012F87009A4751 /* Storyboards */ = {
			isa = PBXGroup;
			children = (
				8027D0C71BF501EE00457024 /* Main.storyboard */,
				8027D0CC1BF501EE00457024 /* LaunchScreen.storyboard */,
				808B877E1C012F43009A4751 /* GalleryTableViewCell.xib */,
				808B87771BFE4A55009A4751 /* CustomOverlayView.xib */,
				805D1FB61C17101A00BFACA3 /* FoodCardView.xib */,
			);
			name = Storyboards;
			sourceTree = "<group>";
		};
/* End PBXGroup section */

/* Begin PBXNativeTarget section */
		8027D0BF1BF501EE00457024 /* munchie */ = {
			isa = PBXNativeTarget;
			buildConfigurationList = 8027D0E81BF501EE00457024 /* Build configuration list for PBXNativeTarget "munchie" */;
			buildPhases = (
				EAC802EA7916441E907269A9 /* Check Pods Manifest.lock */,
				8027D0BC1BF501EE00457024 /* Sources */,
				8027D0BD1BF501EE00457024 /* Frameworks */,
				8027D0BE1BF501EE00457024 /* Resources */,
				D48C5A276159C3ECE1FA6A9E /* Embed Pods Frameworks */,
				83B07F6702A841AE1A345DB6 /* Copy Pods Resources */,
			);
			buildRules = (
			);
			dependencies = (
			);
			name = munchie;
			productName = tinderForFood;
			productReference = 8027D0C01BF501EE00457024 /* munchie.app */;
			productType = "com.apple.product-type.application";
		};
		8027D0D31BF501EE00457024 /* munchieTests */ = {
			isa = PBXNativeTarget;
			buildConfigurationList = 8027D0EB1BF501EE00457024 /* Build configuration list for PBXNativeTarget "munchieTests" */;
			buildPhases = (
				8027D0D01BF501EE00457024 /* Sources */,
				8027D0D11BF501EE00457024 /* Frameworks */,
				8027D0D21BF501EE00457024 /* Resources */,
			);
			buildRules = (
			);
			dependencies = (
				8027D0D61BF501EE00457024 /* PBXTargetDependency */,
			);
			name = munchieTests;
			productName = tinderForFoodTests;
			productReference = 8027D0D41BF501EE00457024 /* munchie.xctest */;
			productType = "com.apple.product-type.bundle.unit-test";
		};
		8027D0DE1BF501EE00457024 /* munchieUITests */ = {
			isa = PBXNativeTarget;
			buildConfigurationList = 8027D0EE1BF501EE00457024 /* Build configuration list for PBXNativeTarget "munchieUITests" */;
			buildPhases = (
				8027D0DB1BF501EE00457024 /* Sources */,
				8027D0DC1BF501EE00457024 /* Frameworks */,
				8027D0DD1BF501EE00457024 /* Resources */,
			);
			buildRules = (
			);
			dependencies = (
				8027D0E11BF501EE00457024 /* PBXTargetDependency */,
			);
			name = munchieUITests;
			productName = tinderForFoodUITests;
			productReference = 8027D0DF1BF501EE00457024 /* munchie.xctest */;
			productType = "com.apple.product-type.bundle.ui-testing";
		};
/* End PBXNativeTarget section */

/* Begin PBXProject section */
		8027D0B81BF501EE00457024 /* Project object */ = {
			isa = PBXProject;
			attributes = {
				LastSwiftUpdateCheck = 0710;
				LastUpgradeCheck = 0710;
				ORGANIZATIONNAME = "Edward Yun";
				TargetAttributes = {
					8027D0BF1BF501EE00457024 = {
						CreatedOnToolsVersion = 7.1;
						DevelopmentTeam = 26P2UEPJFT;
					};
					8027D0D31BF501EE00457024 = {
						CreatedOnToolsVersion = 7.1;
						TestTargetID = 8027D0BF1BF501EE00457024;
					};
					8027D0DE1BF501EE00457024 = {
						CreatedOnToolsVersion = 7.1;
						TestTargetID = 8027D0BF1BF501EE00457024;
					};
				};
			};
			buildConfigurationList = 8027D0BB1BF501EE00457024 /* Build configuration list for PBXProject "munchie" */;
			compatibilityVersion = "Xcode 3.2";
			developmentRegion = English;
			hasScannedForEncodings = 0;
			knownRegions = (
				en,
				Base,
			);
			mainGroup = 8027D0B71BF501EE00457024;
			productRefGroup = 8027D0C11BF501EE00457024 /* Products */;
			projectDirPath = "";
			projectRoot = "";
			targets = (
				8027D0BF1BF501EE00457024 /* munchie */,
				8027D0D31BF501EE00457024 /* munchieTests */,
				8027D0DE1BF501EE00457024 /* munchieUITests */,
			);
		};
/* End PBXProject section */

/* Begin PBXResourcesBuildPhase section */
		8027D0BE1BF501EE00457024 /* Resources */ = {
			isa = PBXResourcesBuildPhase;
			buildActionMask = 2147483647;
			files = (
				805D1FB71C17101B00BFACA3 /* FoodCardView.xib in Resources */,
				8027D0CE1BF501EE00457024 /* LaunchScreen.storyboard in Resources */,
				8027D0CB1BF501EE00457024 /* Assets.xcassets in Resources */,
				808B87801C012F43009A4751 /* GalleryTableViewCell.xib in Resources */,
				808B87781BFE4A55009A4751 /* CustomOverlayView.xib in Resources */,
				8027D0C91BF501EE00457024 /* Main.storyboard in Resources */,
			);
			runOnlyForDeploymentPostprocessing = 0;
		};
		8027D0D21BF501EE00457024 /* Resources */ = {
			isa = PBXResourcesBuildPhase;
			buildActionMask = 2147483647;
			files = (
			);
			runOnlyForDeploymentPostprocessing = 0;
		};
		8027D0DD1BF501EE00457024 /* Resources */ = {
			isa = PBXResourcesBuildPhase;
			buildActionMask = 2147483647;
			files = (
			);
			runOnlyForDeploymentPostprocessing = 0;
		};
/* End PBXResourcesBuildPhase section */

/* Begin PBXShellScriptBuildPhase section */
		83B07F6702A841AE1A345DB6 /* Copy Pods Resources */ = {
			isa = PBXShellScriptBuildPhase;
			buildActionMask = 2147483647;
			files = (
			);
			inputPaths = (
			);
			name = "Copy Pods Resources";
			outputPaths = (
			);
			runOnlyForDeploymentPostprocessing = 0;
			shellPath = /bin/sh;
			shellScript = "\"${SRCROOT}/Pods/Target Support Files/Pods-tinderForFood/Pods-tinderForFood-resources.sh\"\n";
			showEnvVarsInLog = 0;
		};
		D48C5A276159C3ECE1FA6A9E /* Embed Pods Frameworks */ = {
			isa = PBXShellScriptBuildPhase;
			buildActionMask = 2147483647;
			files = (
			);
			inputPaths = (
			);
			name = "Embed Pods Frameworks";
			outputPaths = (
			);
			runOnlyForDeploymentPostprocessing = 0;
			shellPath = /bin/sh;
			shellScript = "\"${SRCROOT}/Pods/Target Support Files/Pods-tinderForFood/Pods-tinderForFood-frameworks.sh\"\n";
			showEnvVarsInLog = 0;
		};
		EAC802EA7916441E907269A9 /* Check Pods Manifest.lock */ = {
			isa = PBXShellScriptBuildPhase;
			buildActionMask = 2147483647;
			files = (
			);
			inputPaths = (
			);
			name = "Check Pods Manifest.lock";
			outputPaths = (
			);
			runOnlyForDeploymentPostprocessing = 0;
			shellPath = /bin/sh;
			shellScript = "diff \"${PODS_ROOT}/../Podfile.lock\" \"${PODS_ROOT}/Manifest.lock\" > /dev/null\nif [[ $? != 0 ]] ; then\n    cat << EOM\nerror: The sandbox is not in sync with the Podfile.lock. Run 'pod install' or update your CocoaPods installation.\nEOM\n    exit 1\nfi\n";
			showEnvVarsInLog = 0;
		};
/* End PBXShellScriptBuildPhase section */

/* Begin PBXSourcesBuildPhase section */
		8027D0BC1BF501EE00457024 /* Sources */ = {
			isa = PBXSourcesBuildPhase;
			buildActionMask = 2147483647;
			files = (
				80E1D9631C10AE6400631A79 /* LoginViewController.swift in Sources */,
				808B877C1BFEE250009A4751 /* RestaurantTableViewCell.swift in Sources */,
				805D1FB91C1713AA00BFACA3 /* FoodViewController.swift in Sources */,
				805C36AE1C0E0D0800ADD259 /* RestaurantViewController.swift in Sources */,
				808560F01C167AEF00A43F5A /* Business.swift in Sources */,
				805310431BFE4999004D6A09 /* CustomFoodView.swift in Sources */,
				808B877F1C012F43009A4751 /* MatchPhotoCell.swift in Sources */,
				80F93EB01C0C070900382FFF /* GalleryPhotoCell.swift in Sources */,
				808B877A1BFED276009A4751 /* MatchesViewController.swift in Sources */,
				8027D0C41BF501EE00457024 /* AppDelegate.swift in Sources */,
			);
			runOnlyForDeploymentPostprocessing = 0;
		};
		8027D0D01BF501EE00457024 /* Sources */ = {
			isa = PBXSourcesBuildPhase;
			buildActionMask = 2147483647;
			files = (
				8027D0D91BF501EE00457024 /* tinderForFoodTests.swift in Sources */,
			);
			runOnlyForDeploymentPostprocessing = 0;
		};
		8027D0DB1BF501EE00457024 /* Sources */ = {
			isa = PBXSourcesBuildPhase;
			buildActionMask = 2147483647;
			files = (
				8027D0E41BF501EE00457024 /* tinderForFoodUITests.swift in Sources */,
			);
			runOnlyForDeploymentPostprocessing = 0;
		};
/* End PBXSourcesBuildPhase section */

/* Begin PBXTargetDependency section */
		8027D0D61BF501EE00457024 /* PBXTargetDependency */ = {
			isa = PBXTargetDependency;
			target = 8027D0BF1BF501EE00457024 /* munchie */;
			targetProxy = 8027D0D51BF501EE00457024 /* PBXContainerItemProxy */;
		};
		8027D0E11BF501EE00457024 /* PBXTargetDependency */ = {
			isa = PBXTargetDependency;
			target = 8027D0BF1BF501EE00457024 /* munchie */;
			targetProxy = 8027D0E01BF501EE00457024 /* PBXContainerItemProxy */;
		};
/* End PBXTargetDependency section */

/* Begin PBXVariantGroup section */
		8027D0C71BF501EE00457024 /* Main.storyboard */ = {
			isa = PBXVariantGroup;
			children = (
				8027D0C81BF501EE00457024 /* Base */,
			);
			name = Main.storyboard;
			sourceTree = "<group>";
		};
		8027D0CC1BF501EE00457024 /* LaunchScreen.storyboard */ = {
			isa = PBXVariantGroup;
			children = (
				8027D0CD1BF501EE00457024 /* Base */,
			);
			name = LaunchScreen.storyboard;
			sourceTree = "<group>";
		};
/* End PBXVariantGroup section */

/* Begin XCBuildConfiguration section */
		8027D0E61BF501EE00457024 /* Debug */ = {
			isa = XCBuildConfiguration;
			buildSettings = {
				ALWAYS_SEARCH_USER_PATHS = NO;
				CLANG_CXX_LANGUAGE_STANDARD = "gnu++0x";
				CLANG_CXX_LIBRARY = "libc++";
				CLANG_ENABLE_MODULES = YES;
				CLANG_ENABLE_OBJC_ARC = YES;
				CLANG_WARN_BOOL_CONVERSION = YES;
				CLANG_WARN_CONSTANT_CONVERSION = YES;
				CLANG_WARN_DIRECT_OBJC_ISA_USAGE = YES_ERROR;
				CLANG_WARN_EMPTY_BODY = YES;
				CLANG_WARN_ENUM_CONVERSION = YES;
				CLANG_WARN_INT_CONVERSION = YES;
				CLANG_WARN_OBJC_ROOT_CLASS = YES_ERROR;
				CLANG_WARN_UNREACHABLE_CODE = YES;
				CLANG_WARN__DUPLICATE_METHOD_MATCH = YES;
				"CODE_SIGN_IDENTITY[sdk=iphoneos*]" = "iPhone Developer";
				COPY_PHASE_STRIP = NO;
				DEBUG_INFORMATION_FORMAT = dwarf;
				ENABLE_STRICT_OBJC_MSGSEND = YES;
				ENABLE_TESTABILITY = YES;
				GCC_C_LANGUAGE_STANDARD = gnu99;
				GCC_DYNAMIC_NO_PIC = NO;
				GCC_NO_COMMON_BLOCKS = YES;
				GCC_OPTIMIZATION_LEVEL = 0;
				GCC_PREPROCESSOR_DEFINITIONS = (
					"DEBUG=1",
					"$(inherited)",
				);
				GCC_WARN_64_TO_32_BIT_CONVERSION = YES;
				GCC_WARN_ABOUT_RETURN_TYPE = YES_ERROR;
				GCC_WARN_UNDECLARED_SELECTOR = YES;
				GCC_WARN_UNINITIALIZED_AUTOS = YES_AGGRESSIVE;
				GCC_WARN_UNUSED_FUNCTION = YES;
				GCC_WARN_UNUSED_VARIABLE = YES;
				IPHONEOS_DEPLOYMENT_TARGET = 9.1;
				MTL_ENABLE_DEBUG_INFO = YES;
				ONLY_ACTIVE_ARCH = YES;
				SDKROOT = iphoneos;
				SWIFT_OPTIMIZATION_LEVEL = "-Onone";
			};
			name = Debug;
		};
		8027D0E71BF501EE00457024 /* Release */ = {
			isa = XCBuildConfiguration;
			buildSettings = {
				ALWAYS_SEARCH_USER_PATHS = NO;
				CLANG_CXX_LANGUAGE_STANDARD = "gnu++0x";
				CLANG_CXX_LIBRARY = "libc++";
				CLANG_ENABLE_MODULES = YES;
				CLANG_ENABLE_OBJC_ARC = YES;
				CLANG_WARN_BOOL_CONVERSION = YES;
				CLANG_WARN_CONSTANT_CONVERSION = YES;
				CLANG_WARN_DIRECT_OBJC_ISA_USAGE = YES_ERROR;
				CLANG_WARN_EMPTY_BODY = YES;
				CLANG_WARN_ENUM_CONVERSION = YES;
				CLANG_WARN_INT_CONVERSION = YES;
				CLANG_WARN_OBJC_ROOT_CLASS = YES_ERROR;
				CLANG_WARN_UNREACHABLE_CODE = YES;
				CLANG_WARN__DUPLICATE_METHOD_MATCH = YES;
				"CODE_SIGN_IDENTITY[sdk=iphoneos*]" = "iPhone Developer";
				COPY_PHASE_STRIP = NO;
				DEBUG_INFORMATION_FORMAT = "dwarf-with-dsym";
				ENABLE_NS_ASSERTIONS = NO;
				ENABLE_STRICT_OBJC_MSGSEND = YES;
				GCC_C_LANGUAGE_STANDARD = gnu99;
				GCC_NO_COMMON_BLOCKS = YES;
				GCC_WARN_64_TO_32_BIT_CONVERSION = YES;
				GCC_WARN_ABOUT_RETURN_TYPE = YES_ERROR;
				GCC_WARN_UNDECLARED_SELECTOR = YES;
				GCC_WARN_UNINITIALIZED_AUTOS = YES_AGGRESSIVE;
				GCC_WARN_UNUSED_FUNCTION = YES;
				GCC_WARN_UNUSED_VARIABLE = YES;
				IPHONEOS_DEPLOYMENT_TARGET = 9.1;
				MTL_ENABLE_DEBUG_INFO = NO;
				SDKROOT = iphoneos;
				VALIDATE_PRODUCT = YES;
			};
			name = Release;
		};
		8027D0E91BF501EE00457024 /* Debug */ = {
			isa = XCBuildConfiguration;
			baseConfigurationReference = 7CAA783074CB74D2593705D4 /* Pods.debug.xcconfig */;
			buildSettings = {
				ASSETCATALOG_COMPILER_APPICON_NAME = AppIcon;
				CODE_SIGN_IDENTITY = "iPhone Developer";
				"CODE_SIGN_IDENTITY[sdk=iphoneos*]" = "iPhone Developer";
				INFOPLIST_FILE = tinderForFood/Info.plist;
				LD_RUNPATH_SEARCH_PATHS = "$(inherited) @executable_path/Frameworks";
				PRODUCT_BUNDLE_IDENTIFIER = com.phoenix.tinderForFood;
				PRODUCT_NAME = munchie;
				PROVISIONING_PROFILE = "";
			};
			name = Debug;
		};
		8027D0EA1BF501EE00457024 /* Release */ = {
			isa = XCBuildConfiguration;
			baseConfigurationReference = 70C6D77292848FE5F007D104 /* Pods.release.xcconfig */;
			buildSettings = {
				ASSETCATALOG_COMPILER_APPICON_NAME = AppIcon;
				CODE_SIGN_IDENTITY = "iPhone Developer";
				"CODE_SIGN_IDENTITY[sdk=iphoneos*]" = "iPhone Developer";
				INFOPLIST_FILE = tinderForFood/Info.plist;
				LD_RUNPATH_SEARCH_PATHS = "$(inherited) @executable_path/Frameworks";
				PRODUCT_BUNDLE_IDENTIFIER = com.phoenix.tinderForFood;
				PRODUCT_NAME = munchie;
				PROVISIONING_PROFILE = "";
			};
			name = Release;
		};
		8027D0EC1BF501EE00457024 /* Debug */ = {
			isa = XCBuildConfiguration;
			buildSettings = {
				BUNDLE_LOADER = "$(TEST_HOST)";
				INFOPLIST_FILE = tinderForFoodTests/Info.plist;
				LD_RUNPATH_SEARCH_PATHS = "$(inherited) @executable_path/Frameworks @loader_path/Frameworks";
				PRODUCT_BUNDLE_IDENTIFIER = com.phoenix.tinderForFoodTests;
				PRODUCT_NAME = munchie;
				TEST_HOST = "$(BUILT_PRODUCTS_DIR)/munchie.app/munchie";
			};
			name = Debug;
		};
		8027D0ED1BF501EE00457024 /* Release */ = {
			isa = XCBuildConfiguration;
			buildSettings = {
				BUNDLE_LOADER = "$(TEST_HOST)";
				INFOPLIST_FILE = tinderForFoodTests/Info.plist;
				LD_RUNPATH_SEARCH_PATHS = "$(inherited) @executable_path/Frameworks @loader_path/Frameworks";
				PRODUCT_BUNDLE_IDENTIFIER = com.phoenix.tinderForFoodTests;
				PRODUCT_NAME = munchie;
				TEST_HOST = "$(BUILT_PRODUCTS_DIR)/munchie.app/munchie";
			};
			name = Release;
		};
		8027D0EF1BF501EE00457024 /* Debug */ = {
			isa = XCBuildConfiguration;
			buildSettings = {
				INFOPLIST_FILE = tinderForFoodUITests/Info.plist;
				LD_RUNPATH_SEARCH_PATHS = "$(inherited) @executable_path/Frameworks @loader_path/Frameworks";
				PRODUCT_BUNDLE_IDENTIFIER = com.phoenix.tinderForFoodUITests;
				PRODUCT_NAME = munchie;
				TEST_TARGET_NAME = tinderForFood;
				USES_XCTRUNNER = YES;
			};
			name = Debug;
		};
		8027D0F01BF501EE00457024 /* Release */ = {
			isa = XCBuildConfiguration;
			buildSettings = {
				INFOPLIST_FILE = tinderForFoodUITests/Info.plist;
				LD_RUNPATH_SEARCH_PATHS = "$(inherited) @executable_path/Frameworks @loader_path/Frameworks";
				PRODUCT_BUNDLE_IDENTIFIER = com.phoenix.tinderForFoodUITests;
				PRODUCT_NAME = munchie;
				TEST_TARGET_NAME = tinderForFood;
				USES_XCTRUNNER = YES;
			};
			name = Release;
		};
/* End XCBuildConfiguration section */

/* Begin XCConfigurationList section */
		8027D0BB1BF501EE00457024 /* Build configuration list for PBXProject "munchie" */ = {
			isa = XCConfigurationList;
			buildConfigurations = (
				8027D0E61BF501EE00457024 /* Debug */,
				8027D0E71BF501EE00457024 /* Release */,
			);
			defaultConfigurationIsVisible = 0;
			defaultConfigurationName = Release;
		};
		8027D0E81BF501EE00457024 /* Build configuration list for PBXNativeTarget "munchie" */ = {
			isa = XCConfigurationList;
			buildConfigurations = (
				8027D0E91BF501EE00457024 /* Debug */,
				8027D0EA1BF501EE00457024 /* Release */,
			);
			defaultConfigurationIsVisible = 0;
			defaultConfigurationName = Release;
		};
		8027D0EB1BF501EE00457024 /* Build configuration list for PBXNativeTarget "munchieTests" */ = {
			isa = XCConfigurationList;
			buildConfigurations = (
				8027D0EC1BF501EE00457024 /* Debug */,
				8027D0ED1BF501EE00457024 /* Release */,
			);
			defaultConfigurationIsVisible = 0;
			defaultConfigurationName = Release;
		};
		8027D0EE1BF501EE00457024 /* Build configuration list for PBXNativeTarget "munchieUITests" */ = {
			isa = XCConfigurationList;
			buildConfigurations = (
				8027D0EF1BF501EE00457024 /* Debug */,
				8027D0F01BF501EE00457024 /* Release */,
			);
			defaultConfigurationIsVisible = 0;
			defaultConfigurationName = Release;
		};
/* End XCConfigurationList section */
	};
	rootObject = 8027D0B81BF501EE00457024 /* Project object */;
}
